
Microsoft Visual Studio Solution File, Format Version 12.00
# Visual Studio Version 16
VisualStudioVersion = 16.0.31729.503
MinimumVisualStudioVersion = 10.0.40219.1
Project("{FAE04EC0-301F-11D3-BF4B-00C04F79EFBC}") = "Homework 4.8 Task1", "Homework 4.8 Task1.csproj", "{B530D1E7-EEB3-4708-A8BF-C2BFDC6A2F13}"
EndProject
Global
	GlobalSection(SolutionConfigurationPlatforms) = preSolution
		Debug|Any CPU = Debug|Any CPU
		Release|Any CPU = Release|Any CPU
	EndGlobalSection
	GlobalSection(ProjectConfigurationPlatforms) = postSolution
		{B530D1E7-EEB3-4708-A8BF-C2BFDC6A2F13}.Debug|Any CPU.ActiveCfg = Debug|Any CPU
		{B530D1E7-EEB3-4708-A8BF-C2BFDC6A2F13}.Debug|Any CPU.Build.0 = Debug|Any CPU
		{B530D1E7-EEB3-4708-A8BF-C2BFDC6A2F13}.Release|Any CPU.ActiveCfg = Release|Any CPU
		{B530D1E7-EEB3-4708-A8BF-C2BFDC6A2F13}.Release|Any CPU.Build.0 = Release|Any CPU
	EndGlobalSection
	GlobalSection(SolutionProperties) = preSolution
		HideSolutionNode = FALSE
	EndGlobalSection
	GlobalSection(ExtensibilityGlobals) = postSolution
		SolutionGuid = {E93FB040-06C4-4525-94DC-F100DB014AB0}
	EndGlobalSection
EndGlobal
